
Microsoft Visual Studio Solution File, Format Version 12.00
# Visual Studio Version 16
VisualStudioVersion = 16.0.31129.286
MinimumVisualStudioVersion = 10.0.40219.1
Project("{9A19103F-16F7-4668-BE54-9A1E7A4F7556}") = "ylcVoteClinet", "ylcVoteClinet\ylcVoteClinet.csproj", "{FD42ED21-569C-446D-8DB7-A8BE346692DD}"
EndProject
Project("{9A19103F-16F7-4668-BE54-9A1E7A4F7556}") = "ylccProtocol", "..\ylccProtocol\ylccProtocol\ylccProtocol.csproj", "{66499274-C032-4ABA-BCB7-D234EA4DE47F}"
EndProject
Project("{C7167F0D-BC9F-4E6E-AFE1-012C56B48DB5}") = "ylcVoteClientWapProj", "ylcVoteClientWapProj\ylcVoteClientWapProj.wapproj", "{B2527B6B-D2D7-4360-94F8-5DDE4A70330A}"
EndProject
Global
	GlobalSection(SolutionConfigurationPlatforms) = preSolution
		Debug|Any CPU = Debug|Any CPU
		Debug|ARM = Debug|ARM
		Debug|ARM64 = Debug|ARM64
		Debug|x64 = Debug|x64
		Debug|x86 = Debug|x86
		Release|Any CPU = Release|Any CPU
		Release|ARM = Release|ARM
		Release|ARM64 = Release|ARM64
		Release|x64 = Release|x64
		Release|x86 = Release|x86
	EndGlobalSection
	GlobalSection(ProjectConfigurationPlatforms) = postSolution
		{FD42ED21-569C-446D-8DB7-A8BE346692DD}.Debug|Any CPU.ActiveCfg = Debug|Any CPU
		{FD42ED21-569C-446D-8DB7-A8BE346692DD}.Debug|Any CPU.Build.0 = Debug|Any CPU
		{FD42ED21-569C-446D-8DB7-A8BE346692DD}.Debug|ARM.ActiveCfg = Debug|Any CPU
		{FD42ED21-569C-446D-8DB7-A8BE346692DD}.Debug|ARM.Build.0 = Debug|Any CPU
		{FD42ED21-569C-446D-8DB7-A8BE346692DD}.Debug|ARM64.ActiveCfg = Debug|Any CPU
		{FD42ED21-569C-446D-8DB7-A8BE346692DD}.Debug|ARM64.Build.0 = Debug|Any CPU
		{FD42ED21-569C-446D-8DB7-A8BE346692DD}.Debug|x64.ActiveCfg = Debug|Any CPU
		{FD42ED21-569C-446D-8DB7-A8BE346692DD}.Debug|x64.Build.0 = Debug|Any CPU
		{FD42ED21-569C-446D-8DB7-A8BE346692DD}.Debug|x86.ActiveCfg = Debug|Any CPU
		{FD42ED21-569C-446D-8DB7-A8BE346692DD}.Debug|x86.Build.0 = Debug|Any CPU
		{FD42ED21-569C-446D-8DB7-A8BE346692DD}.Release|Any CPU.ActiveCfg = Release|Any CPU
		{FD42ED21-569C-446D-8DB7-A8BE346692DD}.Release|Any CPU.Build.0 = Release|Any CPU
		{FD42ED21-569C-446D-8DB7-A8BE346692DD}.Release|ARM.ActiveCfg = Release|Any CPU
		{FD42ED21-569C-446D-8DB7-A8BE346692DD}.Release|ARM.Build.0 = Release|Any CPU
		{FD42ED21-569C-446D-8DB7-A8BE346692DD}.Release|ARM64.ActiveCfg = Release|Any CPU
		{FD42ED21-569C-446D-8DB7-A8BE346692DD}.Release|ARM64.Build.0 = Release|Any CPU
		{FD42ED21-569C-446D-8DB7-A8BE346692DD}.Release|x64.ActiveCfg = Release|Any CPU
		{FD42ED21-569C-446D-8DB7-A8BE346692DD}.Release|x64.Build.0 = Release|Any CPU
		{FD42ED21-569C-446D-8DB7-A8BE346692DD}.Release|x86.ActiveCfg = Release|Any CPU
		{FD42ED21-569C-446D-8DB7-A8BE346692DD}.Release|x86.Build.0 = Release|Any CPU
		{66499274-C032-4ABA-BCB7-D234EA4DE47F}.Debug|Any CPU.ActiveCfg = Debug|Any CPU
		{66499274-C032-4ABA-BCB7-D234EA4DE47F}.Debug|Any CPU.Build.0 = Debug|Any CPU
		{66499274-C032-4ABA-BCB7-D234EA4DE47F}.Debug|ARM.ActiveCfg = Debug|Any CPU
		{66499274-C032-4ABA-BCB7-D234EA4DE47F}.Debug|ARM.Build.0 = Debug|Any CPU
		{66499274-C032-4ABA-BCB7-D234EA4DE47F}.Debug|ARM64.ActiveCfg = Debug|Any CPU
		{66499274-C032-4ABA-BCB7-D234EA4DE47F}.Debug|ARM64.Build.0 = Debug|Any CPU
		{66499274-C032-4ABA-BCB7-D234EA4DE47F}.Debug|x64.ActiveCfg = Debug|Any CPU
		{66499274-C032-4ABA-BCB7-D234EA4DE47F}.Debug|x64.Build.0 = Debug|Any CPU
		{66499274-C032-4ABA-BCB7-D234EA4DE47F}.Debug|x86.ActiveCfg = Debug|Any CPU
		{66499274-C032-4ABA-BCB7-D234EA4DE47F}.Debug|x86.Build.0 = Debug|Any CPU
		{66499274-C032-4ABA-BCB7-D234EA4DE47F}.Release|Any CPU.ActiveCfg = Release|Any CPU
		{66499274-C032-4ABA-BCB7-D234EA4DE47F}.Release|Any CPU.Build.0 = Release|Any CPU
		{66499274-C032-4ABA-BCB7-D234EA4DE47F}.Release|ARM.ActiveCfg = Release|Any CPU
		{66499274-C032-4ABA-BCB7-D234EA4DE47F}.Release|ARM.Build.0 = Release|Any CPU
		{66499274-C032-4ABA-BCB7-D234EA4DE47F}.Release|ARM64.ActiveCfg = Release|Any CPU
		{66499274-C032-4ABA-BCB7-D234EA4DE47F}.Release|ARM64.Build.0 = Release|Any CPU
		{66499274-C032-4ABA-BCB7-D234EA4DE47F}.Release|x64.ActiveCfg = Release|Any CPU
		{66499274-C032-4ABA-BCB7-D234EA4DE47F}.Release|x64.Build.0 = Release|Any CPU
		{66499274-C032-4ABA-BCB7-D234EA4DE47F}.Release|x86.ActiveCfg = Release|Any CPU
		{66499274-C032-4ABA-BCB7-D234EA4DE47F}.Release|x86.Build.0 = Release|Any CPU
		{B2527B6B-D2D7-4360-94F8-5DDE4A70330A}.Debug|Any CPU.ActiveCfg = Debug|x86
		{B2527B6B-D2D7-4360-94F8-5DDE4A70330A}.Debug|Any CPU.Build.0 = Debug|x86
		{B2527B6B-D2D7-4360-94F8-5DDE4A70330A}.Debug|Any CPU.Deploy.0 = Debug|x86
		{B2527B6B-D2D7-4360-94F8-5DDE4A70330A}.Debug|ARM.ActiveCfg = Debug|ARM
		{B2527B6B-D2D7-4360-94F8-5DDE4A70330A}.Debug|ARM.Build.0 = Debug|ARM
		{B2527B6B-D2D7-4360-94F8-5DDE4A70330A}.Debug|ARM.Deploy.0 = Debug|ARM
		{B2527B6B-D2D7-4360-94F8-5DDE4A70330A}.Debug|ARM64.ActiveCfg = Debug|ARM64
		{B2527B6B-D2D7-4360-94F8-5DDE4A70330A}.Debug|ARM64.Build.0 = Debug|ARM64
		{B2527B6B-D2D7-4360-94F8-5DDE4A70330A}.Debug|ARM64.Deploy.0 = Debug|ARM64
		{B2527B6B-D2D7-4360-94F8-5DDE4A70330A}.Debug|x64.ActiveCfg = Debug|x64
		{B2527B6B-D2D7-4360-94F8-5DDE4A70330A}.Debug|x64.Build.0 = Debug|x64
		{B2527B6B-D2D7-4360-94F8-5DDE4A70330A}.Debug|x64.Deploy.0 = Debug|x64
		{B2527B6B-D2D7-4360-94F8-5DDE4A70330A}.Debug|x86.ActiveCfg = Debug|x86
		{B2527B6B-D2D7-4360-94F8-5DDE4A70330A}.Debug|x86.Build.0 = Debug|x86
		{B2527B6B-D2D7-4360-94F8-5DDE4A70330A}.Debug|x86.Deploy.0 = Debug|x86
		{B2527B6B-D2D7-4360-94F8-5DDE4A70330A}.Release|Any CPU.ActiveCfg = Release|Any CPU
		{B2527B6B-D2D7-4360-94F8-5DDE4A70330A}.Release|Any CPU.Build.0 = Release|Any CPU
		{B2527B6B-D2D7-4360-94F8-5DDE4A70330A}.Release|Any CPU.Deploy.0 = Release|Any CPU
		{B2527B6B-D2D7-4360-94F8-5DDE4A70330A}.Release|ARM.ActiveCfg = Release|ARM
		{B2527B6B-D2D7-4360-94F8-5DDE4A70330A}.Release|ARM.Build.0 = Release|ARM
		{B2527B6B-D2D7-4360-94F8-5DDE4A70330A}.Release|ARM.Deploy.0 = Release|ARM
		{B2527B6B-D2D7-4360-94F8-5DDE4A70330A}.Release|ARM64.ActiveCfg = Release|ARM64
		{B2527B6B-D2D7-4360-94F8-5DDE4A70330A}.Release|ARM64.Build.0 = Release|ARM64
		{B2527B6B-D2D7-4360-94F8-5DDE4A70330A}.Release|ARM64.Deploy.0 = Release|ARM64
		{B2527B6B-D2D7-4360-94F8-5DDE4A70330A}.Release|x64.ActiveCfg = Release|x64
		{B2527B6B-D2D7-4360-94F8-5DDE4A70330A}.Release|x64.Build.0 = Release|x64
		{B2527B6B-D2D7-4360-94F8-5DDE4A70330A}.Release|x64.Deploy.0 = Release|x64
		{B2527B6B-D2D7-4360-94F8-5DDE4A70330A}.Release|x86.ActiveCfg = Release|x86
		{B2527B6B-D2D7-4360-94F8-5DDE4A70330A}.Release|x86.Build.0 = Release|x86
		{B2527B6B-D2D7-4360-94F8-5DDE4A70330A}.Release|x86.Deploy.0 = Release|x86
	EndGlobalSection
	GlobalSection(SolutionProperties) = preSolution
		HideSolutionNode = FALSE
	EndGlobalSection
	GlobalSection(ExtensibilityGlobals) = postSolution
		SolutionGuid = {C723044B-A703-4EC8-8311-F685DEB053D9}
	EndGlobalSection
EndGlobal
